
Microsoft Visual Studio Solution File, Format Version 12.00
# Visual Studio Version 17
VisualStudioVersion = 17.7.33711.374
MinimumVisualStudioVersion = 10.0.40219.1
Project("{9A19103F-16F7-4668-BE54-9A1E7A4F7556}") = "BlazorApp1", "BlazorApp1\BlazorApp1.csproj", "{4F5D3A66-B40C-4795-B523-C17EEEE60739}"
EndProject
Global
	GlobalSection(SolutionConfigurationPlatforms) = preSolution
		Debug|Any CPU = Debug|Any CPU
		Release|Any CPU = Release|Any CPU
	EndGlobalSection
	GlobalSection(ProjectConfigurationPlatforms) = postSolution
		{4F5D3A66-B40C-4795-B523-C17EEEE60739}.Debug|Any CPU.ActiveCfg = Debug|Any CPU
		{4F5D3A66-B40C-4795-B523-C17EEEE60739}.Debug|Any CPU.Build.0 = Debug|Any CPU
		{4F5D3A66-B40C-4795-B523-C17EEEE60739}.Release|Any CPU.ActiveCfg = Release|Any CPU
		{4F5D3A66-B40C-4795-B523-C17EEEE60739}.Release|Any CPU.Build.0 = Release|Any CPU
	EndGlobalSection
	GlobalSection(SolutionProperties) = preSolution
		HideSolutionNode = FALSE
	EndGlobalSection
	GlobalSection(ExtensibilityGlobals) = postSolution
		SolutionGuid = {619008F5-A00F-495E-932C-485875B77A4C}
	EndGlobalSection
EndGlobal
